// !$*UTF8*$!
{
	archiveVersion = 1;
	classes = {
	};
	objectVersion = 51;
	objects = {

/* Begin PBXBuildFile section */
		10364F8669F7BF222EC52E05 /* Pods_WijekoonWHMCB_COBSCCOMP191P_006.framework in Frameworks */ = {isa = PBXBuildFile; fileRef = 8A8A9E4DA3AB43D2427EC6AA /* Pods_WijekoonWHMCB_COBSCCOMP191P_006.framework */; };
		1136D2742513898D00E71ECF /* CustomButton.swift in Sources */ = {isa = PBXBuildFile; fileRef = 1136D2732513898D00E71ECF /* CustomButton.swift */; };
		1136D2762514DC8000E71ECF /* HomeViewController.swift in Sources */ = {isa = PBXBuildFile; fileRef = 1136D2752514DC8000E71ECF /* HomeViewController.swift */; };
		1136D2782514E05C00E71ECF /* AuthViewController.swift in Sources */ = {isa = PBXBuildFile; fileRef = 1136D2772514E05C00E71ECF /* AuthViewController.swift */; };
		1136D27A2514E0F400E71ECF /* SettingsViewController.swift in Sources */ = {isa = PBXBuildFile; fileRef = 1136D2792514E0F400E71ECF /* SettingsViewController.swift */; };
		1136D27D2514ECDA00E71ECF /* SignInViewController.swift in Sources */ = {isa = PBXBuildFile; fileRef = 1136D27C2514ECDA00E71ECF /* SignInViewController.swift */; };
		1136D27F2514F59B00E71ECF /* SignUpViewController.swift in Sources */ = {isa = PBXBuildFile; fileRef = 1136D27E2514F59B00E71ECF /* SignUpViewController.swift */; };
		115587D925125DAB0000C497 /* AppDelegate.swift in Sources */ = {isa = PBXBuildFile; fileRef = 115587D825125DAB0000C497 /* AppDelegate.swift */; };
		115587DB25125DAB0000C497 /* SceneDelegate.swift in Sources */ = {isa = PBXBuildFile; fileRef = 115587DA25125DAB0000C497 /* SceneDelegate.swift */; };
		115587DD25125DAB0000C497 /* ViewController.swift in Sources */ = {isa = PBXBuildFile; fileRef = 115587DC25125DAB0000C497 /* ViewController.swift */; };
		115587E025125DAB0000C497 /* Main.storyboard in Resources */ = {isa = PBXBuildFile; fileRef = 115587DE25125DAB0000C497 /* Main.storyboard */; };
		115587E325125DAB0000C497 /* WijekoonWHMCB_COBSCCOMP191P_006.xcdatamodeld in Sources */ = {isa = PBXBuildFile; fileRef = 115587E125125DAB0000C497 /* WijekoonWHMCB_COBSCCOMP191P_006.xcdatamodeld */; };
		115587E525125DAD0000C497 /* Assets.xcassets in Resources */ = {isa = PBXBuildFile; fileRef = 115587E425125DAD0000C497 /* Assets.xcassets */; };
		115587E825125DAD0000C497 /* LaunchScreen.storyboard in Resources */ = {isa = PBXBuildFile; fileRef = 115587E625125DAD0000C497 /* LaunchScreen.storyboard */; };
		115587F325125DAD0000C497 /* WijekoonWHMCB_COBSCCOMP191P_006Tests.swift in Sources */ = {isa = PBXBuildFile; fileRef = 115587F225125DAD0000C497 /* WijekoonWHMCB_COBSCCOMP191P_006Tests.swift */; };
		115587FE25125DAD0000C497 /* WijekoonWHMCB_COBSCCOMP191P_006UITests.swift in Sources */ = {isa = PBXBuildFile; fileRef = 115587FD25125DAD0000C497 /* WijekoonWHMCB_COBSCCOMP191P_006UITests.swift */; };
		116B50ED251505EA000AB82C /* GoogleService-Info.plist in Resources */ = {isa = PBXBuildFile; fileRef = 116B50EC251505EA000AB82C /* GoogleService-Info.plist */; };
		116B50EF25150F34000AB82C /* TempViewController.swift in Sources */ = {isa = PBXBuildFile; fileRef = 116B50EE25150F34000AB82C /* TempViewController.swift */; };
		116B50F125151B90000AB82C /* CustomSection.swift in Sources */ = {isa = PBXBuildFile; fileRef = 116B50F025151B90000AB82C /* CustomSection.swift */; };
		11AB50BF25162233003A5883 /* ProfileViewController.swift in Sources */ = {isa = PBXBuildFile; fileRef = 11AB50BE25162233003A5883 /* ProfileViewController.swift */; };
		11AB50C125167FDE003A5883 /* LocationViewController.swift in Sources */ = {isa = PBXBuildFile; fileRef = 11AB50C025167FDD003A5883 /* LocationViewController.swift */; };
		11AB50C325171E30003A5883 /* ImgSliderViewController.swift in Sources */ = {isa = PBXBuildFile; fileRef = 11AB50C225171E30003A5883 /* ImgSliderViewController.swift */; };
		3C7991125A2AFF5EECB16DCD /* Pods_WijekoonWHMCB_COBSCCOMP191P_006Tests.framework in Frameworks */ = {isa = PBXBuildFile; fileRef = F2669B84573156C9DFD0A568 /* Pods_WijekoonWHMCB_COBSCCOMP191P_006Tests.framework */; };
		45ECA8C1DC925696F3AC5CDD /* Pods_WijekoonWHMCB_COBSCCOMP191P_006_WijekoonWHMCB_COBSCCOMP191P_006UITests.framework in Frameworks */ = {isa = PBXBuildFile; fileRef = 2ECA345B902DCBD77DF7149E /* Pods_WijekoonWHMCB_COBSCCOMP191P_006_WijekoonWHMCB_COBSCCOMP191P_006UITests.framework */; };
/* End PBXBuildFile section */

/* Begin PBXContainerItemProxy section */
		115587EF25125DAD0000C497 /* PBXContainerItemProxy */ = {
			isa = PBXContainerItemProxy;
			containerPortal = 115587CD25125DAB0000C497 /* Project object */;
			proxyType = 1;
			remoteGlobalIDString = 115587D425125DAB0000C497;
			remoteInfo = "WijekoonWHMCB-COBSCCOMP191P-006";
		};
		115587FA25125DAD0000C497 /* PBXContainerItemProxy */ = {
			isa = PBXContainerItemProxy;
			containerPortal = 115587CD25125DAB0000C497 /* Project object */;
			proxyType = 1;
			remoteGlobalIDString = 115587D425125DAB0000C497;
			remoteInfo = "WijekoonWHMCB-COBSCCOMP191P-006";
		};
/* End PBXContainerItemProxy section */

/* Begin PBXFileReference section */
		1136D2732513898D00E71ECF /* CustomButton.swift */ = {isa = PBXFileReference; lastKnownFileType = sourcecode.swift; path = CustomButton.swift; sourceTree = "<group>"; };
		1136D2752514DC8000E71ECF /* HomeViewController.swift */ = {isa = PBXFileReference; lastKnownFileType = sourcecode.swift; path = HomeViewController.swift; sourceTree = "<group>"; };
		1136D2772514E05C00E71ECF /* AuthViewController.swift */ = {isa = PBXFileReference; lastKnownFileType = sourcecode.swift; path = AuthViewController.swift; sourceTree = "<group>"; };
		1136D2792514E0F400E71ECF /* SettingsViewController.swift */ = {isa = PBXFileReference; lastKnownFileType = sourcecode.swift; path = SettingsViewController.swift; sourceTree = "<group>"; };
		1136D27C2514ECDA00E71ECF /* SignInViewController.swift */ = {isa = PBXFileReference; lastKnownFileType = sourcecode.swift; path = SignInViewController.swift; sourceTree = "<group>"; };
		1136D27E2514F59B00E71ECF /* SignUpViewController.swift */ = {isa = PBXFileReference; lastKnownFileType = sourcecode.swift; path = SignUpViewController.swift; sourceTree = "<group>"; };
		115587D525125DAB0000C497 /* WijekoonWHMCB-COBSCCOMP191P-006.app */ = {isa = PBXFileReference; explicitFileType = wrapper.application; includeInIndex = 0; path = "WijekoonWHMCB-COBSCCOMP191P-006.app"; sourceTree = BUILT_PRODUCTS_DIR; };
		115587D825125DAB0000C497 /* AppDelegate.swift */ = {isa = PBXFileReference; lastKnownFileType = sourcecode.swift; path = AppDelegate.swift; sourceTree = "<group>"; };
		115587DA25125DAB0000C497 /* SceneDelegate.swift */ = {isa = PBXFileReference; lastKnownFileType = sourcecode.swift; path = SceneDelegate.swift; sourceTree = "<group>"; };
		115587DC25125DAB0000C497 /* ViewController.swift */ = {isa = PBXFileReference; lastKnownFileType = sourcecode.swift; path = ViewController.swift; sourceTree = "<group>"; };
		115587DF25125DAB0000C497 /* Base */ = {isa = PBXFileReference; lastKnownFileType = file.storyboard; name = Base; path = Base.lproj/Main.storyboard; sourceTree = "<group>"; };
		115587E225125DAB0000C497 /* WijekoonWHMCB_COBSCCOMP191P_006.xcdatamodel */ = {isa = PBXFileReference; lastKnownFileType = wrapper.xcdatamodel; path = WijekoonWHMCB_COBSCCOMP191P_006.xcdatamodel; sourceTree = "<group>"; };
		115587E425125DAD0000C497 /* Assets.xcassets */ = {isa = PBXFileReference; lastKnownFileType = folder.assetcatalog; path = Assets.xcassets; sourceTree = "<group>"; };
		115587E725125DAD0000C497 /* Base */ = {isa = PBXFileReference; lastKnownFileType = file.storyboard; name = Base; path = Base.lproj/LaunchScreen.storyboard; sourceTree = "<group>"; };
		115587E925125DAD0000C497 /* Info.plist */ = {isa = PBXFileReference; lastKnownFileType = text.plist.xml; path = Info.plist; sourceTree = "<group>"; };
		115587EE25125DAD0000C497 /* WijekoonWHMCB-COBSCCOMP191P-006Tests.xctest */ = {isa = PBXFileReference; explicitFileType = wrapper.cfbundle; includeInIndex = 0; path = "WijekoonWHMCB-COBSCCOMP191P-006Tests.xctest"; sourceTree = BUILT_PRODUCTS_DIR; };
		115587F225125DAD0000C497 /* WijekoonWHMCB_COBSCCOMP191P_006Tests.swift */ = {isa = PBXFileReference; lastKnownFileType = sourcecode.swift; path = WijekoonWHMCB_COBSCCOMP191P_006Tests.swift; sourceTree = "<group>"; };
		115587F425125DAD0000C497 /* Info.plist */ = {isa = PBXFileReference; lastKnownFileType = text.plist.xml; path = Info.plist; sourceTree = "<group>"; };
		115587F925125DAD0000C497 /* WijekoonWHMCB-COBSCCOMP191P-006UITests.xctest */ = {isa = PBXFileReference; explicitFileType = wrapper.cfbundle; includeInIndex = 0; path = "WijekoonWHMCB-COBSCCOMP191P-006UITests.xctest"; sourceTree = BUILT_PRODUCTS_DIR; };
		115587FD25125DAD0000C497 /* WijekoonWHMCB_COBSCCOMP191P_006UITests.swift */ = {isa = PBXFileReference; lastKnownFileType = sourcecode.swift; path = WijekoonWHMCB_COBSCCOMP191P_006UITests.swift; sourceTree = "<group>"; };
		115587FF25125DAD0000C497 /* Info.plist */ = {isa = PBXFileReference; lastKnownFileType = text.plist.xml; path = Info.plist; sourceTree = "<group>"; };
		116B50EC251505EA000AB82C /* GoogleService-Info.plist */ = {isa = PBXFileReference; fileEncoding = 4; lastKnownFileType = text.plist.xml; path = "GoogleService-Info.plist"; sourceTree = "<group>"; };
		116B50EE25150F34000AB82C /* TempViewController.swift */ = {isa = PBXFileReference; lastKnownFileType = sourcecode.swift; path = TempViewController.swift; sourceTree = "<group>"; };
		116B50F025151B90000AB82C /* CustomSection.swift */ = {isa = PBXFileReference; lastKnownFileType = sourcecode.swift; path = CustomSection.swift; sourceTree = "<group>"; };
		11AB50BE25162233003A5883 /* ProfileViewController.swift */ = {isa = PBXFileReference; lastKnownFileType = sourcecode.swift; path = ProfileViewController.swift; sourceTree = "<group>"; };
		11AB50C025167FDD003A5883 /* LocationViewController.swift */ = {isa = PBXFileReference; lastKnownFileType = sourcecode.swift; path = LocationViewController.swift; sourceTree = "<group>"; };
		11AB50C225171E30003A5883 /* ImgSliderViewController.swift */ = {isa = PBXFileReference; lastKnownFileType = sourcecode.swift; path = ImgSliderViewController.swift; sourceTree = "<group>"; };
		26A497FA2A787378455FC780 /* Pods-WijekoonWHMCB-COBSCCOMP191P-006Tests.release.xcconfig */ = {isa = PBXFileReference; includeInIndex = 1; lastKnownFileType = text.xcconfig; name = "Pods-WijekoonWHMCB-COBSCCOMP191P-006Tests.release.xcconfig"; path = "Target Support Files/Pods-WijekoonWHMCB-COBSCCOMP191P-006Tests/Pods-WijekoonWHMCB-COBSCCOMP191P-006Tests.release.xcconfig"; sourceTree = "<group>"; };
		2DAE48EFABF3004DB8FD52D6 /* Pods-WijekoonWHMCB-COBSCCOMP191P-006.release.xcconfig */ = {isa = PBXFileReference; includeInIndex = 1; lastKnownFileType = text.xcconfig; name = "Pods-WijekoonWHMCB-COBSCCOMP191P-006.release.xcconfig"; path = "Target Support Files/Pods-WijekoonWHMCB-COBSCCOMP191P-006/Pods-WijekoonWHMCB-COBSCCOMP191P-006.release.xcconfig"; sourceTree = "<group>"; };
		2ECA345B902DCBD77DF7149E /* Pods_WijekoonWHMCB_COBSCCOMP191P_006_WijekoonWHMCB_COBSCCOMP191P_006UITests.framework */ = {isa = PBXFileReference; explicitFileType = wrapper.framework; includeInIndex = 0; path = Pods_WijekoonWHMCB_COBSCCOMP191P_006_WijekoonWHMCB_COBSCCOMP191P_006UITests.framework; sourceTree = BUILT_PRODUCTS_DIR; };
		3F0E5D877E2EEC315F7CC45E /* Pods-WijekoonWHMCB-COBSCCOMP191P-006Tests.debug.xcconfig */ = {isa = PBXFileReference; includeInIndex = 1; lastKnownFileType = text.xcconfig; name = "Pods-WijekoonWHMCB-COBSCCOMP191P-006Tests.debug.xcconfig"; path = "Target Support Files/Pods-WijekoonWHMCB-COBSCCOMP191P-006Tests/Pods-WijekoonWHMCB-COBSCCOMP191P-006Tests.debug.xcconfig"; sourceTree = "<group>"; };
		8A8A9E4DA3AB43D2427EC6AA /* Pods_WijekoonWHMCB_COBSCCOMP191P_006.framework */ = {isa = PBXFileReference; explicitFileType = wrapper.framework; includeInIndex = 0; path = Pods_WijekoonWHMCB_COBSCCOMP191P_006.framework; sourceTree = BUILT_PRODUCTS_DIR; };
		9F4FD40D54E42956BCE82048 /* Pods-WijekoonWHMCB-COBSCCOMP191P-006-WijekoonWHMCB-COBSCCOMP191P-006UITests.debug.xcconfig */ = {isa = PBXFileReference; includeInIndex = 1; lastKnownFileType = text.xcconfig; name = "Pods-WijekoonWHMCB-COBSCCOMP191P-006-WijekoonWHMCB-COBSCCOMP191P-006UITests.debug.xcconfig"; path = "Target Support Files/Pods-WijekoonWHMCB-COBSCCOMP191P-006-WijekoonWHMCB-COBSCCOMP191P-006UITests/Pods-WijekoonWHMCB-COBSCCOMP191P-006-WijekoonWHMCB-COBSCCOMP191P-006UITests.debug.xcconfig"; sourceTree = "<group>"; };
		AAF563D7547CFA2306308858 /* Pods-WijekoonWHMCB-COBSCCOMP191P-006-WijekoonWHMCB-COBSCCOMP191P-006UITests.release.xcconfig */ = {isa = PBXFileReference; includeInIndex = 1; lastKnownFileType = text.xcconfig; name = "Pods-WijekoonWHMCB-COBSCCOMP191P-006-WijekoonWHMCB-COBSCCOMP191P-006UITests.release.xcconfig"; path = "Target Support Files/Pods-WijekoonWHMCB-COBSCCOMP191P-006-WijekoonWHMCB-COBSCCOMP191P-006UITests/Pods-WijekoonWHMCB-COBSCCOMP191P-006-WijekoonWHMCB-COBSCCOMP191P-006UITests.release.xcconfig"; sourceTree = "<group>"; };
		F2669B84573156C9DFD0A568 /* Pods_WijekoonWHMCB_COBSCCOMP191P_006Tests.framework */ = {isa = PBXFileReference; explicitFileType = wrapper.framework; includeInIndex = 0; path = Pods_WijekoonWHMCB_COBSCCOMP191P_006Tests.framework; sourceTree = BUILT_PRODUCTS_DIR; };
		F944461E176B455257525C6B /* Pods-WijekoonWHMCB-COBSCCOMP191P-006.debug.xcconfig */ = {isa = PBXFileReference; includeInIndex = 1; lastKnownFileType = text.xcconfig; name = "Pods-WijekoonWHMCB-COBSCCOMP191P-006.debug.xcconfig"; path = "Target Support Files/Pods-WijekoonWHMCB-COBSCCOMP191P-006/Pods-WijekoonWHMCB-COBSCCOMP191P-006.debug.xcconfig"; sourceTree = "<group>"; };
/* End PBXFileReference section */

/* Begin PBXFrameworksBuildPhase section */
		115587D225125DAB0000C497 /* Frameworks */ = {
			isa = PBXFrameworksBuildPhase;
			buildActionMask = 2147483647;
			files = (
				10364F8669F7BF222EC52E05 /* Pods_WijekoonWHMCB_COBSCCOMP191P_006.framework in Frameworks */,
			);
			runOnlyForDeploymentPostprocessing = 0;
		};
		115587EB25125DAD0000C497 /* Frameworks */ = {
			isa = PBXFrameworksBuildPhase;
			buildActionMask = 2147483647;
			files = (
				3C7991125A2AFF5EECB16DCD /* Pods_WijekoonWHMCB_COBSCCOMP191P_006Tests.framework in Frameworks */,
			);
			runOnlyForDeploymentPostprocessing = 0;
		};
		115587F625125DAD0000C497 /* Frameworks */ = {
			isa = PBXFrameworksBuildPhase;
			buildActionMask = 2147483647;
			files = (
				45ECA8C1DC925696F3AC5CDD /* Pods_WijekoonWHMCB_COBSCCOMP191P_006_WijekoonWHMCB_COBSCCOMP191P_006UITests.framework in Frameworks */,
			);
			runOnlyForDeploymentPostprocessing = 0;
		};
/* End PBXFrameworksBuildPhase section */

/* Begin PBXGroup section */
		10615165E8ECB0809997A28D /* Pods */ = {
			isa = PBXGroup;
			children = (
				F944461E176B455257525C6B /* Pods-WijekoonWHMCB-COBSCCOMP191P-006.debug.xcconfig */,
				2DAE48EFABF3004DB8FD52D6 /* Pods-WijekoonWHMCB-COBSCCOMP191P-006.release.xcconfig */,
				9F4FD40D54E42956BCE82048 /* Pods-WijekoonWHMCB-COBSCCOMP191P-006-WijekoonWHMCB-COBSCCOMP191P-006UITests.debug.xcconfig */,
				AAF563D7547CFA2306308858 /* Pods-WijekoonWHMCB-COBSCCOMP191P-006-WijekoonWHMCB-COBSCCOMP191P-006UITests.release.xcconfig */,
				3F0E5D877E2EEC315F7CC45E /* Pods-WijekoonWHMCB-COBSCCOMP191P-006Tests.debug.xcconfig */,
				26A497FA2A787378455FC780 /* Pods-WijekoonWHMCB-COBSCCOMP191P-006Tests.release.xcconfig */,
			);
			path = Pods;
			sourceTree = "<group>";
		};
		1136D2722513896400E71ECF /* Utils */ = {
			isa = PBXGroup;
			children = (
				1136D2732513898D00E71ECF /* CustomButton.swift */,
				116B50F025151B90000AB82C /* CustomSection.swift */,
			);
			path = Utils;
			sourceTree = "<group>";
		};
		115587CC25125DAB0000C497 = {
			isa = PBXGroup;
			children = (
				115587D725125DAB0000C497 /* WijekoonWHMCB-COBSCCOMP191P-006 */,
				115587F125125DAD0000C497 /* WijekoonWHMCB-COBSCCOMP191P-006Tests */,
				115587FC25125DAD0000C497 /* WijekoonWHMCB-COBSCCOMP191P-006UITests */,
				115587D625125DAB0000C497 /* Products */,
				10615165E8ECB0809997A28D /* Pods */,
				53ECB496475C6F684551F9C9 /* Frameworks */,
			);
			sourceTree = "<group>";
		};
		115587D625125DAB0000C497 /* Products */ = {
			isa = PBXGroup;
			children = (
				115587D525125DAB0000C497 /* WijekoonWHMCB-COBSCCOMP191P-006.app */,
				115587EE25125DAD0000C497 /* WijekoonWHMCB-COBSCCOMP191P-006Tests.xctest */,
				115587F925125DAD0000C497 /* WijekoonWHMCB-COBSCCOMP191P-006UITests.xctest */,
			);
			name = Products;
			sourceTree = "<group>";
		};
		115587D725125DAB0000C497 /* WijekoonWHMCB-COBSCCOMP191P-006 */ = {
			isa = PBXGroup;
			children = (
				1136D2722513896400E71ECF /* Utils */,
				115587D825125DAB0000C497 /* AppDelegate.swift */,
				115587DA25125DAB0000C497 /* SceneDelegate.swift */,
				1155880E2512661E0000C497 /* Controllers */,
				1155880D251266120000C497 /* Views */,
				115587E425125DAD0000C497 /* Assets.xcassets */,
				115587E625125DAD0000C497 /* LaunchScreen.storyboard */,
				115587E925125DAD0000C497 /* Info.plist */,
				116B50EC251505EA000AB82C /* GoogleService-Info.plist */,
				115587E125125DAB0000C497 /* WijekoonWHMCB_COBSCCOMP191P_006.xcdatamodeld */,
			);
			path = "WijekoonWHMCB-COBSCCOMP191P-006";
			sourceTree = "<group>";
		};
		115587F125125DAD0000C497 /* WijekoonWHMCB-COBSCCOMP191P-006Tests */ = {
			isa = PBXGroup;
			children = (
				115587F225125DAD0000C497 /* WijekoonWHMCB_COBSCCOMP191P_006Tests.swift */,
				115587F425125DAD0000C497 /* Info.plist */,
			);
			path = "WijekoonWHMCB-COBSCCOMP191P-006Tests";
			sourceTree = "<group>";
		};
		115587FC25125DAD0000C497 /* WijekoonWHMCB-COBSCCOMP191P-006UITests */ = {
			isa = PBXGroup;
			children = (
				115587FD25125DAD0000C497 /* WijekoonWHMCB_COBSCCOMP191P_006UITests.swift */,
				115587FF25125DAD0000C497 /* Info.plist */,
			);
			path = "WijekoonWHMCB-COBSCCOMP191P-006UITests";
			sourceTree = "<group>";
		};
		1155880D251266120000C497 /* Views */ = {
			isa = PBXGroup;
			children = (
				115587DE25125DAB0000C497 /* Main.storyboard */,
			);
			path = Views;
			sourceTree = "<group>";
		};
		1155880E2512661E0000C497 /* Controllers */ = {
			isa = PBXGroup;
			children = (
				115587DC25125DAB0000C497 /* ViewController.swift */,
				1136D2752514DC8000E71ECF /* HomeViewController.swift */,
				1136D2772514E05C00E71ECF /* AuthViewController.swift */,
				1136D2792514E0F400E71ECF /* SettingsViewController.swift */,
				1136D27C2514ECDA00E71ECF /* SignInViewController.swift */,
				1136D27E2514F59B00E71ECF /* SignUpViewController.swift */,
				116B50EE25150F34000AB82C /* TempViewController.swift */,
				11AB50BE25162233003A5883 /* ProfileViewController.swift */,
				11AB50C025167FDD003A5883 /* LocationViewController.swift */,
				11AB50C225171E30003A5883 /* ImgSliderViewController.swift */,
			);
			path = Controllers;
			sourceTree = "<group>";
		};
		53ECB496475C6F684551F9C9 /* Frameworks */ = {
			isa = PBXGroup;
			children = (
				8A8A9E4DA3AB43D2427EC6AA /* Pods_WijekoonWHMCB_COBSCCOMP191P_006.framework */,
				2ECA345B902DCBD77DF7149E /* Pods_WijekoonWHMCB_COBSCCOMP191P_006_WijekoonWHMCB_COBSCCOMP191P_006UITests.framework */,
				F2669B84573156C9DFD0A568 /* Pods_WijekoonWHMCB_COBSCCOMP191P_006Tests.framework */,
			);
			name = Frameworks;
			sourceTree = "<group>";
		};
/* End PBXGroup section */

/* Begin PBXNativeTarget section */
		115587D425125DAB0000C497 /* WijekoonWHMCB-COBSCCOMP191P-006 */ = {
			isa = PBXNativeTarget;
			buildConfigurationList = 1155880225125DAD0000C497 /* Build configuration list for PBXNativeTarget "WijekoonWHMCB-COBSCCOMP191P-006" */;
			buildPhases = (
				D3C7175F206E9CF89938291C /* [CP] Check Pods Manifest.lock */,
				115587D125125DAB0000C497 /* Sources */,
				115587D225125DAB0000C497 /* Frameworks */,
				115587D325125DAB0000C497 /* Resources */,
				C7077FEFFE0F573B4638CE57 /* [CP] Embed Pods Frameworks */,
			);
			buildRules = (
			);
			dependencies = (
			);
			name = "WijekoonWHMCB-COBSCCOMP191P-006";
			productName = "WijekoonWHMCB-COBSCCOMP191P-006";
			productReference = 115587D525125DAB0000C497 /* WijekoonWHMCB-COBSCCOMP191P-006.app */;
			productType = "com.apple.product-type.application";
		};
		115587ED25125DAD0000C497 /* WijekoonWHMCB-COBSCCOMP191P-006Tests */ = {
			isa = PBXNativeTarget;
			buildConfigurationList = 1155880525125DAD0000C497 /* Build configuration list for PBXNativeTarget "WijekoonWHMCB-COBSCCOMP191P-006Tests" */;
			buildPhases = (
				0A3F64E361348AC46C95D2C2 /* [CP] Check Pods Manifest.lock */,
				115587EA25125DAD0000C497 /* Sources */,
				115587EB25125DAD0000C497 /* Frameworks */,
				115587EC25125DAD0000C497 /* Resources */,
			);
			buildRules = (
			);
			dependencies = (
				115587F025125DAD0000C497 /* PBXTargetDependency */,
			);
			name = "WijekoonWHMCB-COBSCCOMP191P-006Tests";
			productName = "WijekoonWHMCB-COBSCCOMP191P-006Tests";
			productReference = 115587EE25125DAD0000C497 /* WijekoonWHMCB-COBSCCOMP191P-006Tests.xctest */;
			productType = "com.apple.product-type.bundle.unit-test";
		};
		115587F825125DAD0000C497 /* WijekoonWHMCB-COBSCCOMP191P-006UITests */ = {
			isa = PBXNativeTarget;
			buildConfigurationList = 1155880825125DAD0000C497 /* Build configuration list for PBXNativeTarget "WijekoonWHMCB-COBSCCOMP191P-006UITests" */;
			buildPhases = (
				FCD8F73665FD1143218BC978 /* [CP] Check Pods Manifest.lock */,
				115587F525125DAD0000C497 /* Sources */,
				115587F625125DAD0000C497 /* Frameworks */,
				115587F725125DAD0000C497 /* Resources */,
				A69A3CDAB689883BBF6EA904 /* [CP] Embed Pods Frameworks */,
			);
			buildRules = (
			);
			dependencies = (
				115587FB25125DAD0000C497 /* PBXTargetDependency */,
			);
			name = "WijekoonWHMCB-COBSCCOMP191P-006UITests";
			productName = "WijekoonWHMCB-COBSCCOMP191P-006UITests";
			productReference = 115587F925125DAD0000C497 /* WijekoonWHMCB-COBSCCOMP191P-006UITests.xctest */;
			productType = "com.apple.product-type.bundle.ui-testing";
		};
/* End PBXNativeTarget section */

/* Begin PBXProject section */
		115587CD25125DAB0000C497 /* Project object */ = {
			isa = PBXProject;
			attributes = {
				LastSwiftUpdateCheck = 1170;
				LastUpgradeCheck = 1170;
				ORGANIZATIONNAME = "Chathura Wijekoon";
				TargetAttributes = {
					115587D425125DAB0000C497 = {
						CreatedOnToolsVersion = 11.7;
					};
					115587ED25125DAD0000C497 = {
						CreatedOnToolsVersion = 11.7;
						TestTargetID = 115587D425125DAB0000C497;
					};
					115587F825125DAD0000C497 = {
						CreatedOnToolsVersion = 11.7;
						TestTargetID = 115587D425125DAB0000C497;
					};
				};
			};
			buildConfigurationList = 115587D025125DAB0000C497 /* Build configuration list for PBXProject "WijekoonWHMCB-COBSCCOMP191P-006" */;
			compatibilityVersion = "Xcode 9.3";
			developmentRegion = en;
			hasScannedForEncodings = 0;
			knownRegions = (
				en,
				Base,
			);
			mainGroup = 115587CC25125DAB0000C497;
			productRefGroup = 115587D625125DAB0000C497 /* Products */;
			projectDirPath = "";
			projectRoot = "";
			targets = (
				115587D425125DAB0000C497 /* WijekoonWHMCB-COBSCCOMP191P-006 */,
				115587ED25125DAD0000C497 /* WijekoonWHMCB-COBSCCOMP191P-006Tests */,
				115587F825125DAD0000C497 /* WijekoonWHMCB-COBSCCOMP191P-006UITests */,
			);
		};
/* End PBXProject section */

/* Begin PBXResourcesBuildPhase section */
		115587D325125DAB0000C497 /* Resources */ = {
			isa = PBXResourcesBuildPhase;
			buildActionMask = 2147483647;
			files = (
				115587E825125DAD0000C497 /* LaunchScreen.storyboard in Resources */,
				116B50ED251505EA000AB82C /* GoogleService-Info.plist in Resources */,
				115587E525125DAD0000C497 /* Assets.xcassets in Resources */,
				115587E025125DAB0000C497 /* Main.storyboard in Resources */,
			);
			runOnlyForDeploymentPostprocessing = 0;
		};
		115587EC25125DAD0000C497 /* Resources */ = {
			isa = PBXResourcesBuildPhase;
			buildActionMask = 2147483647;
			files = (
			);
			runOnlyForDeploymentPostprocessing = 0;
		};
		115587F725125DAD0000C497 /* Resources */ = {
			isa = PBXResourcesBuildPhase;
			buildActionMask = 2147483647;
			files = (
			);
			runOnlyForDeploymentPostprocessing = 0;
		};
/* End PBXResourcesBuildPhase section */

/* Begin PBXShellScriptBuildPhase section */
		0A3F64E361348AC46C95D2C2 /* [CP] Check Pods Manifest.lock */ = {
			isa = PBXShellScriptBuildPhase;
			buildActionMask = 2147483647;
			files = (
			);
			inputFileListPaths = (
			);
			inputPaths = (
				"${PODS_PODFILE_DIR_PATH}/Podfile.lock",
				"${PODS_ROOT}/Manifest.lock",
			);
			name = "[CP] Check Pods Manifest.lock";
			outputFileListPaths = (
			);
			outputPaths = (
				"$(DERIVED_FILE_DIR)/Pods-WijekoonWHMCB-COBSCCOMP191P-006Tests-checkManifestLockResult.txt",
			);
			runOnlyForDeploymentPostprocessing = 0;
			shellPath = /bin/sh;
			shellScript = "diff \"${PODS_PODFILE_DIR_PATH}/Podfile.lock\" \"${PODS_ROOT}/Manifest.lock\" > /dev/null\nif [ $? != 0 ] ; then\n    # print error to STDERR\n    echo \"error: The sandbox is not in sync with the Podfile.lock. Run 'pod install' or update your CocoaPods installation.\" >&2\n    exit 1\nfi\n# This output is used by Xcode 'outputs' to avoid re-running this script phase.\necho \"SUCCESS\" > \"${SCRIPT_OUTPUT_FILE_0}\"\n";
			showEnvVarsInLog = 0;
		};
		A69A3CDAB689883BBF6EA904 /* [CP] Embed Pods Frameworks */ = {
			isa = PBXShellScriptBuildPhase;
			buildActionMask = 2147483647;
			files = (
			);
			inputFileListPaths = (
				"${PODS_ROOT}/Target Support Files/Pods-WijekoonWHMCB-COBSCCOMP191P-006-WijekoonWHMCB-COBSCCOMP191P-006UITests/Pods-WijekoonWHMCB-COBSCCOMP191P-006-WijekoonWHMCB-COBSCCOMP191P-006UITests-frameworks-${CONFIGURATION}-input-files.xcfilelist",
			);
			name = "[CP] Embed Pods Frameworks";
			outputFileListPaths = (
				"${PODS_ROOT}/Target Support Files/Pods-WijekoonWHMCB-COBSCCOMP191P-006-WijekoonWHMCB-COBSCCOMP191P-006UITests/Pods-WijekoonWHMCB-COBSCCOMP191P-006-WijekoonWHMCB-COBSCCOMP191P-006UITests-frameworks-${CONFIGURATION}-output-files.xcfilelist",
			);
			runOnlyForDeploymentPostprocessing = 0;
			shellPath = /bin/sh;
			shellScript = "\"${PODS_ROOT}/Target Support Files/Pods-WijekoonWHMCB-COBSCCOMP191P-006-WijekoonWHMCB-COBSCCOMP191P-006UITests/Pods-WijekoonWHMCB-COBSCCOMP191P-006-WijekoonWHMCB-COBSCCOMP191P-006UITests-frameworks.sh\"\n";
			showEnvVarsInLog = 0;
		};
		C7077FEFFE0F573B4638CE57 /* [CP] Embed Pods Frameworks */ = {
			isa = PBXShellScriptBuildPhase;
			buildActionMask = 2147483647;
			files = (
			);
			inputFileListPaths = (
				"${PODS_ROOT}/Target Support Files/Pods-WijekoonWHMCB-COBSCCOMP191P-006/Pods-WijekoonWHMCB-COBSCCOMP191P-006-frameworks-${CONFIGURATION}-input-files.xcfilelist",
			);
			name = "[CP] Embed Pods Frameworks";
			outputFileListPaths = (
				"${PODS_ROOT}/Target Support Files/Pods-WijekoonWHMCB-COBSCCOMP191P-006/Pods-WijekoonWHMCB-COBSCCOMP191P-006-frameworks-${CONFIGURATION}-output-files.xcfilelist",
			);
			runOnlyForDeploymentPostprocessing = 0;
			shellPath = /bin/sh;
			shellScript = "\"${PODS_ROOT}/Target Support Files/Pods-WijekoonWHMCB-COBSCCOMP191P-006/Pods-WijekoonWHMCB-COBSCCOMP191P-006-frameworks.sh\"\n";
			showEnvVarsInLog = 0;
		};
		D3C7175F206E9CF89938291C /* [CP] Check Pods Manifest.lock */ = {
			isa = PBXShellScriptBuildPhase;
			buildActionMask = 2147483647;
			files = (
			);
			inputFileListPaths = (
			);
			inputPaths = (
				"${PODS_PODFILE_DIR_PATH}/Podfile.lock",
				"${PODS_ROOT}/Manifest.lock",
			);
			name = "[CP] Check Pods Manifest.lock";
			outputFileListPaths = (
			);
			outputPaths = (
				"$(DERIVED_FILE_DIR)/Pods-WijekoonWHMCB-COBSCCOMP191P-006-checkManifestLockResult.txt",
			);
			runOnlyForDeploymentPostprocessing = 0;
			shellPath = /bin/sh;
			shellScript = "diff \"${PODS_PODFILE_DIR_PATH}/Podfile.lock\" \"${PODS_ROOT}/Manifest.lock\" > /dev/null\nif [ $? != 0 ] ; then\n    # print error to STDERR\n    echo \"error: The sandbox is not in sync with the Podfile.lock. Run 'pod install' or update your CocoaPods installation.\" >&2\n    exit 1\nfi\n# This output is used by Xcode 'outputs' to avoid re-running this script phase.\necho \"SUCCESS\" > \"${SCRIPT_OUTPUT_FILE_0}\"\n";
			showEnvVarsInLog = 0;
		};
		FCD8F73665FD1143218BC978 /* [CP] Check Pods Manifest.lock */ = {
			isa = PBXShellScriptBuildPhase;
			buildActionMask = 2147483647;
			files = (
			);
			inputFileListPaths = (
			);
			inputPaths = (
				"${PODS_PODFILE_DIR_PATH}/Podfile.lock",
				"${PODS_ROOT}/Manifest.lock",
			);
			name = "[CP] Check Pods Manifest.lock";
			outputFileListPaths = (
			);
			outputPaths = (
				"$(DERIVED_FILE_DIR)/Pods-WijekoonWHMCB-COBSCCOMP191P-006-WijekoonWHMCB-COBSCCOMP191P-006UITests-checkManifestLockResult.txt",
			);
			runOnlyForDeploymentPostprocessing = 0;
			shellPath = /bin/sh;
			shellScript = "diff \"${PODS_PODFILE_DIR_PATH}/Podfile.lock\" \"${PODS_ROOT}/Manifest.lock\" > /dev/null\nif [ $? != 0 ] ; then\n    # print error to STDERR\n    echo \"error: The sandbox is not in sync with the Podfile.lock. Run 'pod install' or update your CocoaPods installation.\" >&2\n    exit 1\nfi\n# This output is used by Xcode 'outputs' to avoid re-running this script phase.\necho \"SUCCESS\" > \"${SCRIPT_OUTPUT_FILE_0}\"\n";
			showEnvVarsInLog = 0;
		};
/* End PBXShellScriptBuildPhase section */

/* Begin PBXSourcesBuildPhase section */
		115587D125125DAB0000C497 /* Sources */ = {
			isa = PBXSourcesBuildPhase;
			buildActionMask = 2147483647;
			files = (
				1136D2782514E05C00E71ECF /* AuthViewController.swift in Sources */,
				115587DD25125DAB0000C497 /* ViewController.swift in Sources */,
				115587D925125DAB0000C497 /* AppDelegate.swift in Sources */,
				115587DB25125DAB0000C497 /* SceneDelegate.swift in Sources */,
				1136D27F2514F59B00E71ECF /* SignUpViewController.swift in Sources */,
				116B50EF25150F34000AB82C /* TempViewController.swift in Sources */,
				115587E325125DAB0000C497 /* WijekoonWHMCB_COBSCCOMP191P_006.xcdatamodeld in Sources */,
				11AB50C325171E30003A5883 /* ImgSliderViewController.swift in Sources */,
				11AB50C125167FDE003A5883 /* LocationViewController.swift in Sources */,
				1136D27D2514ECDA00E71ECF /* SignInViewController.swift in Sources */,
				1136D2742513898D00E71ECF /* CustomButton.swift in Sources */,
				1136D2762514DC8000E71ECF /* HomeViewController.swift in Sources */,
				11AB50BF25162233003A5883 /* ProfileViewController.swift in Sources */,
				116B50F125151B90000AB82C /* CustomSection.swift in Sources */,
				1136D27A2514E0F400E71ECF /* SettingsViewController.swift in Sources */,
			);
			runOnlyForDeploymentPostprocessing = 0;
		};
		115587EA25125DAD0000C497 /* Sources */ = {
			isa = PBXSourcesBuildPhase;
			buildActionMask = 2147483647;
			files = (
				115587F325125DAD0000C497 /* WijekoonWHMCB_COBSCCOMP191P_006Tests.swift in Sources */,
			);
			runOnlyForDeploymentPostprocessing = 0;
		};
		115587F525125DAD0000C497 /* Sources */ = {
			isa = PBXSourcesBuildPhase;
			buildActionMask = 2147483647;
			files = (
				115587FE25125DAD0000C497 /* WijekoonWHMCB_COBSCCOMP191P_006UITests.swift in Sources */,
			);
			runOnlyForDeploymentPostprocessing = 0;
		};
/* End PBXSourcesBuildPhase section */

/* Begin PBXTargetDependency section */
		115587F025125DAD0000C497 /* PBXTargetDependency */ = {
			isa = PBXTargetDependency;
			target = 115587D425125DAB0000C497 /* WijekoonWHMCB-COBSCCOMP191P-006 */;
			targetProxy = 115587EF25125DAD0000C497 /* PBXContainerItemProxy */;
		};
		115587FB25125DAD0000C497 /* PBXTargetDependency */ = {
			isa = PBXTargetDependency;
			target = 115587D425125DAB0000C497 /* WijekoonWHMCB-COBSCCOMP191P-006 */;
			targetProxy = 115587FA25125DAD0000C497 /* PBXContainerItemProxy */;
		};
/* End PBXTargetDependency section */

/* Begin PBXVariantGroup section */
		115587DE25125DAB0000C497 /* Main.storyboard */ = {
			isa = PBXVariantGroup;
			children = (
				115587DF25125DAB0000C497 /* Base */,
			);
			name = Main.storyboard;
			sourceTree = "<group>";
		};
		115587E625125DAD0000C497 /* LaunchScreen.storyboard */ = {
			isa = PBXVariantGroup;
			children = (
				115587E725125DAD0000C497 /* Base */,
			);
			name = LaunchScreen.storyboard;
			sourceTree = "<group>";
		};
/* End PBXVariantGroup section */

/* Begin XCBuildConfiguration section */
		1155880025125DAD0000C497 /* Debug */ = {
			isa = XCBuildConfiguration;
			buildSettings = {
				ALWAYS_SEARCH_USER_PATHS = NO;
				CLANG_ANALYZER_NONNULL = YES;
				CLANG_ANALYZER_NUMBER_OBJECT_CONVERSION = YES_AGGRESSIVE;
				CLANG_CXX_LANGUAGE_STANDARD = "gnu++14";
				CLANG_CXX_LIBRARY = "libc++";
				CLANG_ENABLE_MODULES = YES;
				CLANG_ENABLE_OBJC_ARC = YES;
				CLANG_ENABLE_OBJC_WEAK = YES;
				CLANG_WARN_BLOCK_CAPTURE_AUTORELEASING = YES;
				CLANG_WARN_BOOL_CONVERSION = YES;
				CLANG_WARN_COMMA = YES;
				CLANG_WARN_CONSTANT_CONVERSION = YES;
				CLANG_WARN_DEPRECATED_OBJC_IMPLEMENTATIONS = YES;
				CLANG_WARN_DIRECT_OBJC_ISA_USAGE = YES_ERROR;
				CLANG_WARN_DOCUMENTATION_COMMENTS = YES;
				CLANG_WARN_EMPTY_BODY = YES;
				CLANG_WARN_ENUM_CONVERSION = YES;
				CLANG_WARN_INFINITE_RECURSION = YES;
				CLANG_WARN_INT_CONVERSION = YES;
				CLANG_WARN_NON_LITERAL_NULL_CONVERSION = YES;
				CLANG_WARN_OBJC_IMPLICIT_RETAIN_SELF = YES;
				CLANG_WARN_OBJC_LITERAL_CONVERSION = YES;
				CLANG_WARN_OBJC_ROOT_CLASS = YES_ERROR;
				CLANG_WARN_RANGE_LOOP_ANALYSIS = YES;
				CLANG_WARN_STRICT_PROTOTYPES = YES;
				CLANG_WARN_SUSPICIOUS_MOVE = YES;
				CLANG_WARN_UNGUARDED_AVAILABILITY = YES_AGGRESSIVE;
				CLANG_WARN_UNREACHABLE_CODE = YES;
				CLANG_WARN__DUPLICATE_METHOD_MATCH = YES;
				COPY_PHASE_STRIP = NO;
				DEBUG_INFORMATION_FORMAT = dwarf;
				ENABLE_STRICT_OBJC_MSGSEND = YES;
				ENABLE_TESTABILITY = YES;
				GCC_C_LANGUAGE_STANDARD = gnu11;
				GCC_DYNAMIC_NO_PIC = NO;
				GCC_NO_COMMON_BLOCKS = YES;
				GCC_OPTIMIZATION_LEVEL = 0;
				GCC_PREPROCESSOR_DEFINITIONS = (
					"DEBUG=1",
					"$(inherited)",
				);
				GCC_WARN_64_TO_32_BIT_CONVERSION = YES;
				GCC_WARN_ABOUT_RETURN_TYPE = YES_ERROR;
				GCC_WARN_UNDECLARED_SELECTOR = YES;
				GCC_WARN_UNINITIALIZED_AUTOS = YES_AGGRESSIVE;
				GCC_WARN_UNUSED_FUNCTION = YES;
				GCC_WARN_UNUSED_VARIABLE = YES;
				IPHONEOS_DEPLOYMENT_TARGET = 13.7;
				MTL_ENABLE_DEBUG_INFO = INCLUDE_SOURCE;
				MTL_FAST_MATH = YES;
				ONLY_ACTIVE_ARCH = YES;
				SDKROOT = iphoneos;
				SWIFT_ACTIVE_COMPILATION_CONDITIONS = DEBUG;
				SWIFT_OPTIMIZATION_LEVEL = "-Onone";
			};
			name = Debug;
		};
		1155880125125DAD0000C497 /* Release */ = {
			isa = XCBuildConfiguration;
			buildSettings = {
				ALWAYS_SEARCH_USER_PATHS = NO;
				CLANG_ANALYZER_NONNULL = YES;
				CLANG_ANALYZER_NUMBER_OBJECT_CONVERSION = YES_AGGRESSIVE;
				CLANG_CXX_LANGUAGE_STANDARD = "gnu++14";
				CLANG_CXX_LIBRARY = "libc++";
				CLANG_ENABLE_MODULES = YES;
				CLANG_ENABLE_OBJC_ARC = YES;
				CLANG_ENABLE_OBJC_WEAK = YES;
				CLANG_WARN_BLOCK_CAPTURE_AUTORELEASING = YES;
				CLANG_WARN_BOOL_CONVERSION = YES;
				CLANG_WARN_COMMA = YES;
				CLANG_WARN_CONSTANT_CONVERSION = YES;
				CLANG_WARN_DEPRECATED_OBJC_IMPLEMENTATIONS = YES;
				CLANG_WARN_DIRECT_OBJC_ISA_USAGE = YES_ERROR;
				CLANG_WARN_DOCUMENTATION_COMMENTS = YES;
				CLANG_WARN_EMPTY_BODY = YES;
				CLANG_WARN_ENUM_CONVERSION = YES;
				CLANG_WARN_INFINITE_RECURSION = YES;
				CLANG_WARN_INT_CONVERSION = YES;
				CLANG_WARN_NON_LITERAL_NULL_CONVERSION = YES;
				CLANG_WARN_OBJC_IMPLICIT_RETAIN_SELF = YES;
				CLANG_WARN_OBJC_LITERAL_CONVERSION = YES;
				CLANG_WARN_OBJC_ROOT_CLASS = YES_ERROR;
				CLANG_WARN_RANGE_LOOP_ANALYSIS = YES;
				CLANG_WARN_STRICT_PROTOTYPES = YES;
				CLANG_WARN_SUSPICIOUS_MOVE = YES;
				CLANG_WARN_UNGUARDED_AVAILABILITY = YES_AGGRESSIVE;
				CLANG_WARN_UNREACHABLE_CODE = YES;
				CLANG_WARN__DUPLICATE_METHOD_MATCH = YES;
				COPY_PHASE_STRIP = NO;
				DEBUG_INFORMATION_FORMAT = "dwarf-with-dsym";
				ENABLE_NS_ASSERTIONS = NO;
				ENABLE_STRICT_OBJC_MSGSEND = YES;
				GCC_C_LANGUAGE_STANDARD = gnu11;
				GCC_NO_COMMON_BLOCKS = YES;
				GCC_WARN_64_TO_32_BIT_CONVERSION = YES;
				GCC_WARN_ABOUT_RETURN_TYPE = YES_ERROR;
				GCC_WARN_UNDECLARED_SELECTOR = YES;
				GCC_WARN_UNINITIALIZED_AUTOS = YES_AGGRESSIVE;
				GCC_WARN_UNUSED_FUNCTION = YES;
				GCC_WARN_UNUSED_VARIABLE = YES;
				IPHONEOS_DEPLOYMENT_TARGET = 13.7;
				MTL_ENABLE_DEBUG_INFO = NO;
				MTL_FAST_MATH = YES;
				SDKROOT = iphoneos;
				SWIFT_COMPILATION_MODE = wholemodule;
				SWIFT_OPTIMIZATION_LEVEL = "-O";
				VALIDATE_PRODUCT = YES;
			};
			name = Release;
		};
		1155880325125DAD0000C497 /* Debug */ = {
			isa = XCBuildConfiguration;
			baseConfigurationReference = F944461E176B455257525C6B /* Pods-WijekoonWHMCB-COBSCCOMP191P-006.debug.xcconfig */;
			buildSettings = {
				ASSETCATALOG_COMPILER_APPICON_NAME = AppIcon;
				CODE_SIGN_STYLE = Automatic;
				DEVELOPMENT_TEAM = XYJ23FN796;
				INFOPLIST_FILE = "WijekoonWHMCB-COBSCCOMP191P-006/Info.plist";
				LD_RUNPATH_SEARCH_PATHS = (
					"$(inherited)",
					"@executable_path/Frameworks",
				);
				PRODUCT_BUNDLE_IDENTIFIER = "com.chathura.WijekoonWHMCB-COBSCCOMP191P-006";
				PRODUCT_NAME = "$(TARGET_NAME)";
				SWIFT_VERSION = 5.0;
				TARGETED_DEVICE_FAMILY = "1,2";
			};
			name = Debug;
		};
		1155880425125DAD0000C497 /* Release */ = {
			isa = XCBuildConfiguration;
			baseConfigurationReference = 2DAE48EFABF3004DB8FD52D6 /* Pods-WijekoonWHMCB-COBSCCOMP191P-006.release.xcconfig */;
			buildSettings = {
				ASSETCATALOG_COMPILER_APPICON_NAME = AppIcon;
				CODE_SIGN_STYLE = Automatic;
				DEVELOPMENT_TEAM = XYJ23FN796;
				INFOPLIST_FILE = "WijekoonWHMCB-COBSCCOMP191P-006/Info.plist";
				LD_RUNPATH_SEARCH_PATHS = (
					"$(inherited)",
					"@executable_path/Frameworks",
				);
				PRODUCT_BUNDLE_IDENTIFIER = "com.chathura.WijekoonWHMCB-COBSCCOMP191P-006";
				PRODUCT_NAME = "$(TARGET_NAME)";
				SWIFT_VERSION = 5.0;
				TARGETED_DEVICE_FAMILY = "1,2";
			};
			name = Release;
		};
		1155880625125DAD0000C497 /* Debug */ = {
			isa = XCBuildConfiguration;
			baseConfigurationReference = 3F0E5D877E2EEC315F7CC45E /* Pods-WijekoonWHMCB-COBSCCOMP191P-006Tests.debug.xcconfig */;
			buildSettings = {
				ALWAYS_EMBED_SWIFT_STANDARD_LIBRARIES = YES;
				BUNDLE_LOADER = "$(TEST_HOST)";
				CODE_SIGN_STYLE = Automatic;
				DEVELOPMENT_TEAM = XYJ23FN796;
				INFOPLIST_FILE = "WijekoonWHMCB-COBSCCOMP191P-006Tests/Info.plist";
				IPHONEOS_DEPLOYMENT_TARGET = 13.7;
				LD_RUNPATH_SEARCH_PATHS = (
					"$(inherited)",
					"@executable_path/Frameworks",
					"@loader_path/Frameworks",
				);
				PRODUCT_BUNDLE_IDENTIFIER = "com.chathura.WijekoonWHMCB-COBSCCOMP191P-006Tests";
				PRODUCT_NAME = "$(TARGET_NAME)";
				SWIFT_VERSION = 5.0;
				TARGETED_DEVICE_FAMILY = "1,2";
				TEST_HOST = "$(BUILT_PRODUCTS_DIR)/WijekoonWHMCB-COBSCCOMP191P-006.app/WijekoonWHMCB-COBSCCOMP191P-006";
			};
			name = Debug;
		};
		1155880725125DAD0000C497 /* Release */ = {
			isa = XCBuildConfiguration;
			baseConfigurationReference = 26A497FA2A787378455FC780 /* Pods-WijekoonWHMCB-COBSCCOMP191P-006Tests.release.xcconfig */;
			buildSettings = {
				ALWAYS_EMBED_SWIFT_STANDARD_LIBRARIES = YES;
				BUNDLE_LOADER = "$(TEST_HOST)";
				CODE_SIGN_STYLE = Automatic;
				DEVELOPMENT_TEAM = XYJ23FN796;
				INFOPLIST_FILE = "WijekoonWHMCB-COBSCCOMP191P-006Tests/Info.plist";
				IPHONEOS_DEPLOYMENT_TARGET = 13.7;
				LD_RUNPATH_SEARCH_PATHS = (
					"$(inherited)",
					"@executable_path/Frameworks",
					"@loader_path/Frameworks",
				);
				PRODUCT_BUNDLE_IDENTIFIER = "com.chathura.WijekoonWHMCB-COBSCCOMP191P-006Tests";
				PRODUCT_NAME = "$(TARGET_NAME)";
				SWIFT_VERSION = 5.0;
				TARGETED_DEVICE_FAMILY = "1,2";
				TEST_HOST = "$(BUILT_PRODUCTS_DIR)/WijekoonWHMCB-COBSCCOMP191P-006.app/WijekoonWHMCB-COBSCCOMP191P-006";
			};
			name = Release;
		};
		1155880925125DAD0000C497 /* Debug */ = {
			isa = XCBuildConfiguration;
			baseConfigurationReference = 9F4FD40D54E42956BCE82048 /* Pods-WijekoonWHMCB-COBSCCOMP191P-006-WijekoonWHMCB-COBSCCOMP191P-006UITests.debug.xcconfig */;
			buildSettings = {
				ALWAYS_EMBED_SWIFT_STANDARD_LIBRARIES = YES;
				CODE_SIGN_STYLE = Automatic;
				DEVELOPMENT_TEAM = XYJ23FN796;
				INFOPLIST_FILE = "WijekoonWHMCB-COBSCCOMP191P-006UITests/Info.plist";
				LD_RUNPATH_SEARCH_PATHS = (
					"$(inherited)",
					"@executable_path/Frameworks",
					"@loader_path/Frameworks",
				);
				PRODUCT_BUNDLE_IDENTIFIER = "com.chathura.WijekoonWHMCB-COBSCCOMP191P-006UITests";
				PRODUCT_NAME = "$(TARGET_NAME)";
				SWIFT_VERSION = 5.0;
				TARGETED_DEVICE_FAMILY = "1,2";
				TEST_TARGET_NAME = "WijekoonWHMCB-COBSCCOMP191P-006";
			};
			name = Debug;
		};
		1155880A25125DAD0000C497 /* Release */ = {
			isa = XCBuildConfiguration;
			baseConfigurationReference = AAF563D7547CFA2306308858 /* Pods-WijekoonWHMCB-COBSCCOMP191P-006-WijekoonWHMCB-COBSCCOMP191P-006UITests.release.xcconfig */;
			buildSettings = {
				ALWAYS_EMBED_SWIFT_STANDARD_LIBRARIES = YES;
				CODE_SIGN_STYLE = Automatic;
				DEVELOPMENT_TEAM = XYJ23FN796;
				INFOPLIST_FILE = "WijekoonWHMCB-COBSCCOMP191P-006UITests/Info.plist";
				LD_RUNPATH_SEARCH_PATHS = (
					"$(inherited)",
					"@executable_path/Frameworks",
					"@loader_path/Frameworks",
				);
				PRODUCT_BUNDLE_IDENTIFIER = "com.chathura.WijekoonWHMCB-COBSCCOMP191P-006UITests";
				PRODUCT_NAME = "$(TARGET_NAME)";
				SWIFT_VERSION = 5.0;
				TARGETED_DEVICE_FAMILY = "1,2";
				TEST_TARGET_NAME = "WijekoonWHMCB-COBSCCOMP191P-006";
			};
			name = Release;
		};
/* End XCBuildConfiguration section */

/* Begin XCConfigurationList section */
		115587D025125DAB0000C497 /* Build configuration list for PBXProject "WijekoonWHMCB-COBSCCOMP191P-006" */ = {
			isa = XCConfigurationList;
			buildConfigurations = (
				1155880025125DAD0000C497 /* Debug */,
				1155880125125DAD0000C497 /* Release */,
			);
			defaultConfigurationIsVisible = 0;
			defaultConfigurationName = Release;
		};
		1155880225125DAD0000C497 /* Build configuration list for PBXNativeTarget "WijekoonWHMCB-COBSCCOMP191P-006" */ = {
			isa = XCConfigurationList;
			buildConfigurations = (
				1155880325125DAD0000C497 /* Debug */,
				1155880425125DAD0000C497 /* Release */,
			);
			defaultConfigurationIsVisible = 0;
			defaultConfigurationName = Release;
		};
		1155880525125DAD0000C497 /* Build configuration list for PBXNativeTarget "WijekoonWHMCB-COBSCCOMP191P-006Tests" */ = {
			isa = XCConfigurationList;
			buildConfigurations = (
				1155880625125DAD0000C497 /* Debug */,
				1155880725125DAD0000C497 /* Release */,
			);
			defaultConfigurationIsVisible = 0;
			defaultConfigurationName = Release;
		};
		1155880825125DAD0000C497 /* Build configuration list for PBXNativeTarget "WijekoonWHMCB-COBSCCOMP191P-006UITests" */ = {
			isa = XCConfigurationList;
			buildConfigurations = (
				1155880925125DAD0000C497 /* Debug */,
				1155880A25125DAD0000C497 /* Release */,
			);
			defaultConfigurationIsVisible = 0;
			defaultConfigurationName = Release;
		};
/* End XCConfigurationList section */

/* Begin XCVersionGroup section */
		115587E125125DAB0000C497 /* WijekoonWHMCB_COBSCCOMP191P_006.xcdatamodeld */ = {
			isa = XCVersionGroup;
			children = (
				115587E225125DAB0000C497 /* WijekoonWHMCB_COBSCCOMP191P_006.xcdatamodel */,
			);
			currentVersion = 115587E225125DAB0000C497 /* WijekoonWHMCB_COBSCCOMP191P_006.xcdatamodel */;
			path = WijekoonWHMCB_COBSCCOMP191P_006.xcdatamodeld;
			sourceTree = "<group>";
			versionGroupType = wrapper.xcdatamodel;
		};
/* End XCVersionGroup section */
	};
	rootObject = 115587CD25125DAB0000C497 /* Project object */;
}
